<Solution>
  <Configurations>
    <Platform Name="Any CPU" />
    <Platform Name="x64" />
  </Configurations>
  <Project Path="RePCC.Worker.Windows/RePCC.Worker.Windows.csproj" Id="be23636f-f48f-4ab3-bbe2-26627a61c7a8">
    <Platform Solution="*|x64" Project="x64" />
  </Project>
  <Project Path="RePCC/RePCC.csproj">
    <Build Solution="*|x64" Project="false" />
    <Build Solution="Debug|Any CPU" Project="false" />
    <Deploy Solution="Release|Any CPU" />
  </Project>
</Solution>
